
Microsoft Visual Studio Solution File, Format Version 12.00
# Visual Studio Version 17
VisualStudioVersion = 17.1.32414.318
MinimumVisualStudioVersion = 10.0.40219.1
Project("{FAE04EC0-301F-11D3-BF4B-00C04F79EFBC}") = "TechWebAPI", "TechWebAPI\TechWebAPI.csproj", "{60EE7D6E-3884-457A-BC07-AF982F461FCA}"
EndProject
Project("{FAE04EC0-301F-11D3-BF4B-00C04F79EFBC}") = "Infrastructure", "Infrastructure\Infrastructure.csproj", "{EAD3D9C1-4E39-4471-8CC1-E235A344BBE7}"
EndProject
Project("{FAE04EC0-301F-11D3-BF4B-00C04F79EFBC}") = "Core", "Core\Core.csproj", "{963F9EAC-D975-4F8A-9F33-DBD12E6655C1}"
EndProject
Global
	GlobalSection(SolutionConfigurationPlatforms) = preSolution
		Debug|Any CPU = Debug|Any CPU
		Release|Any CPU = Release|Any CPU
	EndGlobalSection
	GlobalSection(ProjectConfigurationPlatforms) = postSolution
		{60EE7D6E-3884-457A-BC07-AF982F461FCA}.Debug|Any CPU.ActiveCfg = Debug|Any CPU
		{60EE7D6E-3884-457A-BC07-AF982F461FCA}.Debug|Any CPU.Build.0 = Debug|Any CPU
		{60EE7D6E-3884-457A-BC07-AF982F461FCA}.Release|Any CPU.ActiveCfg = Release|Any CPU
		{60EE7D6E-3884-457A-BC07-AF982F461FCA}.Release|Any CPU.Build.0 = Release|Any CPU
		{EAD3D9C1-4E39-4471-8CC1-E235A344BBE7}.Debug|Any CPU.ActiveCfg = Debug|Any CPU
		{EAD3D9C1-4E39-4471-8CC1-E235A344BBE7}.Debug|Any CPU.Build.0 = Debug|Any CPU
		{EAD3D9C1-4E39-4471-8CC1-E235A344BBE7}.Release|Any CPU.ActiveCfg = Release|Any CPU
		{EAD3D9C1-4E39-4471-8CC1-E235A344BBE7}.Release|Any CPU.Build.0 = Release|Any CPU
		{963F9EAC-D975-4F8A-9F33-DBD12E6655C1}.Debug|Any CPU.ActiveCfg = Debug|Any CPU
		{963F9EAC-D975-4F8A-9F33-DBD12E6655C1}.Debug|Any CPU.Build.0 = Debug|Any CPU
		{963F9EAC-D975-4F8A-9F33-DBD12E6655C1}.Release|Any CPU.ActiveCfg = Release|Any CPU
		{963F9EAC-D975-4F8A-9F33-DBD12E6655C1}.Release|Any CPU.Build.0 = Release|Any CPU
	EndGlobalSection
	GlobalSection(SolutionProperties) = preSolution
		HideSolutionNode = FALSE
	EndGlobalSection
	GlobalSection(ExtensibilityGlobals) = postSolution
		SolutionGuid = {1518AB9D-E088-460B-B6A0-98B17418A92B}
	EndGlobalSection
EndGlobal
